
Microsoft Visual Studio Solution File, Format Version 12.00
# Visual Studio Version 17
VisualStudioVersion = 17.7.34003.232
MinimumVisualStudioVersion = 10.0.40219.1
Project("{FAE04EC0-301F-11D3-BF4B-00C04F79EFBC}") = "Buoi05_01", "Buoi05_01\Buoi05_01.csproj", "{3BAADE68-D6D5-4F12-AD7C-0909197034D1}"
EndProject
Project("{FAE04EC0-301F-11D3-BF4B-00C04F79EFBC}") = "Buoi05_02", "Buoi05_02\Buoi05_02.csproj", "{069A7695-3472-4DFC-B5C3-209FFDC842EA}"
EndProject
Project("{FAE04EC0-301F-11D3-BF4B-00C04F79EFBC}") = "Buoi05_03", "Buoi05_03\Buoi05_03.csproj", "{84A41EB4-3A93-4BC1-99F3-E9FE64D4FC57}"
EndProject
Project("{FAE04EC0-301F-11D3-BF4B-00C04F79EFBC}") = "Buoi05_04", "Buoi05_04\Buoi05_04.csproj", "{48CA2B6D-0F47-4DD8-A9BC-FE93A8B16D50}"
EndProject
Project("{FAE04EC0-301F-11D3-BF4B-00C04F79EFBC}") = "Buoi05_05", "Buoi05_05\Buoi05_05.csproj", "{0AC593F9-F5B8-412E-A258-FE8B17B7B45D}"
EndProject
Global
	GlobalSection(SolutionConfigurationPlatforms) = preSolution
		Debug|Any CPU = Debug|Any CPU
		Release|Any CPU = Release|Any CPU
	EndGlobalSection
	GlobalSection(ProjectConfigurationPlatforms) = postSolution
		{3BAADE68-D6D5-4F12-AD7C-0909197034D1}.Debug|Any CPU.ActiveCfg = Debug|Any CPU
		{3BAADE68-D6D5-4F12-AD7C-0909197034D1}.Debug|Any CPU.Build.0 = Debug|Any CPU
		{3BAADE68-D6D5-4F12-AD7C-0909197034D1}.Release|Any CPU.ActiveCfg = Release|Any CPU
		{3BAADE68-D6D5-4F12-AD7C-0909197034D1}.Release|Any CPU.Build.0 = Release|Any CPU
		{069A7695-3472-4DFC-B5C3-209FFDC842EA}.Debug|Any CPU.ActiveCfg = Debug|Any CPU
		{069A7695-3472-4DFC-B5C3-209FFDC842EA}.Debug|Any CPU.Build.0 = Debug|Any CPU
		{069A7695-3472-4DFC-B5C3-209FFDC842EA}.Release|Any CPU.ActiveCfg = Release|Any CPU
		{069A7695-3472-4DFC-B5C3-209FFDC842EA}.Release|Any CPU.Build.0 = Release|Any CPU
		{84A41EB4-3A93-4BC1-99F3-E9FE64D4FC57}.Debug|Any CPU.ActiveCfg = Debug|Any CPU
		{84A41EB4-3A93-4BC1-99F3-E9FE64D4FC57}.Debug|Any CPU.Build.0 = Debug|Any CPU
		{84A41EB4-3A93-4BC1-99F3-E9FE64D4FC57}.Release|Any CPU.ActiveCfg = Release|Any CPU
		{84A41EB4-3A93-4BC1-99F3-E9FE64D4FC57}.Release|Any CPU.Build.0 = Release|Any CPU
		{48CA2B6D-0F47-4DD8-A9BC-FE93A8B16D50}.Debug|Any CPU.ActiveCfg = Debug|Any CPU
		{48CA2B6D-0F47-4DD8-A9BC-FE93A8B16D50}.Debug|Any CPU.Build.0 = Debug|Any CPU
		{48CA2B6D-0F47-4DD8-A9BC-FE93A8B16D50}.Release|Any CPU.ActiveCfg = Release|Any CPU
		{48CA2B6D-0F47-4DD8-A9BC-FE93A8B16D50}.Release|Any CPU.Build.0 = Release|Any CPU
		{0AC593F9-F5B8-412E-A258-FE8B17B7B45D}.Debug|Any CPU.ActiveCfg = Debug|Any CPU
		{0AC593F9-F5B8-412E-A258-FE8B17B7B45D}.Debug|Any CPU.Build.0 = Debug|Any CPU
		{0AC593F9-F5B8-412E-A258-FE8B17B7B45D}.Release|Any CPU.ActiveCfg = Release|Any CPU
		{0AC593F9-F5B8-412E-A258-FE8B17B7B45D}.Release|Any CPU.Build.0 = Release|Any CPU
	EndGlobalSection
	GlobalSection(SolutionProperties) = preSolution
		HideSolutionNode = FALSE
	EndGlobalSection
	GlobalSection(ExtensibilityGlobals) = postSolution
		SolutionGuid = {F9C5CCD5-AF7C-43DF-9132-FC6D0CDA91B2}
	EndGlobalSection
EndGlobal
