
Microsoft Visual Studio Solution File, Format Version 12.00
# Visual Studio Version 17
VisualStudioVersion = 17.7.34003.232
MinimumVisualStudioVersion = 10.0.40219.1
Project("{FAE04EC0-301F-11D3-BF4B-00C04F79EFBC}") = "Buoi06_01", "Buoi06_01\Buoi06_01.csproj", "{DB75095A-F80F-40EA-82A6-4608DAB36AF7}"
EndProject
Project("{FAE04EC0-301F-11D3-BF4B-00C04F79EFBC}") = "Buoi06_02", "Buoi06_02\Buoi06_02.csproj", "{11C7B8EE-3D1E-442E-B275-828406BB98C2}"
EndProject
Project("{FAE04EC0-301F-11D3-BF4B-00C04F79EFBC}") = "Buoi06_002", "Buoi06_002\Buoi06_002.csproj", "{F5196B39-7B1B-4E3E-BBE0-4E9A4AC03A21}"
EndProject
Global
	GlobalSection(SolutionConfigurationPlatforms) = preSolution
		Debug|Any CPU = Debug|Any CPU
		Release|Any CPU = Release|Any CPU
	EndGlobalSection
	GlobalSection(ProjectConfigurationPlatforms) = postSolution
		{DB75095A-F80F-40EA-82A6-4608DAB36AF7}.Debug|Any CPU.ActiveCfg = Debug|Any CPU
		{DB75095A-F80F-40EA-82A6-4608DAB36AF7}.Debug|Any CPU.Build.0 = Debug|Any CPU
		{DB75095A-F80F-40EA-82A6-4608DAB36AF7}.Release|Any CPU.ActiveCfg = Release|Any CPU
		{DB75095A-F80F-40EA-82A6-4608DAB36AF7}.Release|Any CPU.Build.0 = Release|Any CPU
		{11C7B8EE-3D1E-442E-B275-828406BB98C2}.Debug|Any CPU.ActiveCfg = Debug|Any CPU
		{11C7B8EE-3D1E-442E-B275-828406BB98C2}.Debug|Any CPU.Build.0 = Debug|Any CPU
		{11C7B8EE-3D1E-442E-B275-828406BB98C2}.Release|Any CPU.ActiveCfg = Release|Any CPU
		{11C7B8EE-3D1E-442E-B275-828406BB98C2}.Release|Any CPU.Build.0 = Release|Any CPU
		{F5196B39-7B1B-4E3E-BBE0-4E9A4AC03A21}.Debug|Any CPU.ActiveCfg = Debug|Any CPU
		{F5196B39-7B1B-4E3E-BBE0-4E9A4AC03A21}.Debug|Any CPU.Build.0 = Debug|Any CPU
		{F5196B39-7B1B-4E3E-BBE0-4E9A4AC03A21}.Release|Any CPU.ActiveCfg = Release|Any CPU
		{F5196B39-7B1B-4E3E-BBE0-4E9A4AC03A21}.Release|Any CPU.Build.0 = Release|Any CPU
	EndGlobalSection
	GlobalSection(SolutionProperties) = preSolution
		HideSolutionNode = FALSE
	EndGlobalSection
	GlobalSection(ExtensibilityGlobals) = postSolution
		SolutionGuid = {D3BA5C44-4ACA-4BA8-98A0-D75D2967861F}
	EndGlobalSection
EndGlobal
