
Microsoft Visual Studio Solution File, Format Version 12.00
# Visual Studio Version 17
VisualStudioVersion = 17.7.34003.232
MinimumVisualStudioVersion = 10.0.40219.1
Project("{FAE04EC0-301F-11D3-BF4B-00C04F79EFBC}") = "buoi05_01", "buoi05_01\buoi05_01.csproj", "{CC8E07E7-8222-41F5-948D-80B39E770298}"
EndProject
Project("{FAE04EC0-301F-11D3-BF4B-00C04F79EFBC}") = "buoi05_02", "buoi05_02\buoi05_02.csproj", "{2771681B-2D5C-4DCC-A002-2E2B024B6273}"
EndProject
Project("{FAE04EC0-301F-11D3-BF4B-00C04F79EFBC}") = "buoi05_03", "buoi05_03\buoi05_03.csproj", "{6D171B7F-A1A6-4A3F-9990-A66E117FEDCA}"
EndProject
Project("{FAE04EC0-301F-11D3-BF4B-00C04F79EFBC}") = "buoi06_01", "buoi06_01\buoi06_01.csproj", "{3A7CA4BF-DACE-422F-A5DF-C6092CF4681F}"
EndProject
Project("{FAE04EC0-301F-11D3-BF4B-00C04F79EFBC}") = "buoi06_02", "buoi06_02\buoi06_02.csproj", "{3A91BC8D-EC58-436B-AE36-9421A5C79555}"
EndProject
Global
	GlobalSection(SolutionConfigurationPlatforms) = preSolution
		Debug|Any CPU = Debug|Any CPU
		Release|Any CPU = Release|Any CPU
	EndGlobalSection
	GlobalSection(ProjectConfigurationPlatforms) = postSolution
		{CC8E07E7-8222-41F5-948D-80B39E770298}.Debug|Any CPU.ActiveCfg = Debug|Any CPU
		{CC8E07E7-8222-41F5-948D-80B39E770298}.Debug|Any CPU.Build.0 = Debug|Any CPU
		{CC8E07E7-8222-41F5-948D-80B39E770298}.Release|Any CPU.ActiveCfg = Release|Any CPU
		{CC8E07E7-8222-41F5-948D-80B39E770298}.Release|Any CPU.Build.0 = Release|Any CPU
		{2771681B-2D5C-4DCC-A002-2E2B024B6273}.Debug|Any CPU.ActiveCfg = Debug|Any CPU
		{2771681B-2D5C-4DCC-A002-2E2B024B6273}.Debug|Any CPU.Build.0 = Debug|Any CPU
		{2771681B-2D5C-4DCC-A002-2E2B024B6273}.Release|Any CPU.ActiveCfg = Release|Any CPU
		{2771681B-2D5C-4DCC-A002-2E2B024B6273}.Release|Any CPU.Build.0 = Release|Any CPU
		{6D171B7F-A1A6-4A3F-9990-A66E117FEDCA}.Debug|Any CPU.ActiveCfg = Debug|Any CPU
		{6D171B7F-A1A6-4A3F-9990-A66E117FEDCA}.Debug|Any CPU.Build.0 = Debug|Any CPU
		{6D171B7F-A1A6-4A3F-9990-A66E117FEDCA}.Release|Any CPU.ActiveCfg = Release|Any CPU
		{6D171B7F-A1A6-4A3F-9990-A66E117FEDCA}.Release|Any CPU.Build.0 = Release|Any CPU
		{3A7CA4BF-DACE-422F-A5DF-C6092CF4681F}.Debug|Any CPU.ActiveCfg = Debug|Any CPU
		{3A7CA4BF-DACE-422F-A5DF-C6092CF4681F}.Debug|Any CPU.Build.0 = Debug|Any CPU
		{3A7CA4BF-DACE-422F-A5DF-C6092CF4681F}.Release|Any CPU.ActiveCfg = Release|Any CPU
		{3A7CA4BF-DACE-422F-A5DF-C6092CF4681F}.Release|Any CPU.Build.0 = Release|Any CPU
		{3A91BC8D-EC58-436B-AE36-9421A5C79555}.Debug|Any CPU.ActiveCfg = Debug|Any CPU
		{3A91BC8D-EC58-436B-AE36-9421A5C79555}.Debug|Any CPU.Build.0 = Debug|Any CPU
		{3A91BC8D-EC58-436B-AE36-9421A5C79555}.Release|Any CPU.ActiveCfg = Release|Any CPU
		{3A91BC8D-EC58-436B-AE36-9421A5C79555}.Release|Any CPU.Build.0 = Release|Any CPU
	EndGlobalSection
	GlobalSection(SolutionProperties) = preSolution
		HideSolutionNode = FALSE
	EndGlobalSection
	GlobalSection(ExtensibilityGlobals) = postSolution
		SolutionGuid = {E79000BC-7BCD-45F7-B73D-2DD1DE012586}
	EndGlobalSection
EndGlobal
